// !$*UTF8*$!
{
	archiveVersion = 1;
	classes = {
	};
	objectVersion = 77;
	objects = {

/* Begin PBXBuildFile section */
		4931C9A02D5CE63000B10D4A /* LandingView.swift in Sources */ = {isa = PBXBuildFile; fileRef = 4931C99D2D5CE63000B10D4A /* LandingView.swift */; };
		4931C9A12D5CE63000B10D4A /* MathAppApp.swift in Sources */ = {isa = PBXBuildFile; fileRef = 4931C99E2D5CE63000B10D4A /* MathAppApp.swift */; };
		4931C9A22D5CE63000B10D4A /* Preview Assets.xcassets in Resources */ = {isa = PBXBuildFile; fileRef = 4931C99A2D5CE63000B10D4A /* Preview Assets.xcassets */; };
		4931C9A32D5CE63000B10D4A /* Assets.xcassets in Resources */ = {isa = PBXBuildFile; fileRef = 4931C99C2D5CE63000B10D4A /* Assets.xcassets */; };
		4931C9A62D5CE6AD00B10D4A /* AdditionView.swift in Sources */ = {isa = PBXBuildFile; fileRef = 4931C9A52D5CE6AD00B10D4A /* AdditionView.swift */; };
		4931C9A82D5CE73900B10D4A /* SubtractionView.swift in Sources */ = {isa = PBXBuildFile; fileRef = 4931C9A72D5CE73900B10D4A /* SubtractionView.swift */; };
		4931C9AA2D5CE79400B10D4A /* MultiplicationView.swift in Sources */ = {isa = PBXBuildFile; fileRef = 4931C9A92D5CE79400B10D4A /* MultiplicationView.swift */; };
		4931C9AC2D5CE7A000B10D4A /* DivisionView.swift in Sources */ = {isa = PBXBuildFile; fileRef = 4931C9AB2D5CE7A000B10D4A /* DivisionView.swift */; };
		4931C9AE2D5CE7B200B10D4A /* SquareView.swift in Sources */ = {isa = PBXBuildFile; fileRef = 4931C9AD2D5CE7B200B10D4A /* SquareView.swift */; };
/* End PBXBuildFile section */

/* Begin PBXFileReference section */
		4931C9892D5CE4C600B10D4A /* MathApp.app */ = {isa = PBXFileReference; explicitFileType = wrapper.application; includeInIndex = 0; path = MathApp.app; sourceTree = BUILT_PRODUCTS_DIR; };
		4931C99A2D5CE63000B10D4A /* Preview Assets.xcassets */ = {isa = PBXFileReference; lastKnownFileType = folder.assetcatalog; path = "Preview Assets.xcassets"; sourceTree = "<group>"; };
		4931C99C2D5CE63000B10D4A /* Assets.xcassets */ = {isa = PBXFileReference; lastKnownFileType = folder.assetcatalog; path = Assets.xcassets; sourceTree = "<group>"; };
		4931C99D2D5CE63000B10D4A /* LandingView.swift */ = {isa = PBXFileReference; lastKnownFileType = sourcecode.swift; path = LandingView.swift; sourceTree = "<group>"; };
		4931C99E2D5CE63000B10D4A /* MathAppApp.swift */ = {isa = PBXFileReference; lastKnownFileType = sourcecode.swift; path = MathAppApp.swift; sourceTree = "<group>"; };
		4931C9A52D5CE6AD00B10D4A /* AdditionView.swift */ = {isa = PBXFileReference; lastKnownFileType = sourcecode.swift; path = AdditionView.swift; sourceTree = "<group>"; };
		4931C9A72D5CE73900B10D4A /* SubtractionView.swift */ = {isa = PBXFileReference; lastKnownFileType = sourcecode.swift; path = SubtractionView.swift; sourceTree = "<group>"; };
		4931C9A92D5CE79400B10D4A /* MultiplicationView.swift */ = {isa = PBXFileReference; lastKnownFileType = sourcecode.swift; path = MultiplicationView.swift; sourceTree = "<group>"; };
		4931C9AB2D5CE7A000B10D4A /* DivisionView.swift */ = {isa = PBXFileReference; lastKnownFileType = sourcecode.swift; path = DivisionView.swift; sourceTree = "<group>"; };
		4931C9AD2D5CE7B200B10D4A /* SquareView.swift */ = {isa = PBXFileReference; lastKnownFileType = sourcecode.swift; path = SquareView.swift; sourceTree = "<group>"; };
/* End PBXFileReference section */

/* Begin PBXFrameworksBuildPhase section */
		4931C9862D5CE4C600B10D4A /* Frameworks */ = {
			isa = PBXFrameworksBuildPhase;
			buildActionMask = 2147483647;
			files = (
			);
			runOnlyForDeploymentPostprocessing = 0;
		};
/* End PBXFrameworksBuildPhase section */

/* Begin PBXGroup section */
		4931C9802D5CE4C600B10D4A = {
			isa = PBXGroup;
			children = (
				4931C99F2D5CE63000B10D4A /* MathApp */,
				4931C98A2D5CE4C600B10D4A /* Products */,
			);
			sourceTree = "<group>";
		};
		4931C98A2D5CE4C600B10D4A /* Products */ = {
			isa = PBXGroup;
			children = (
				4931C9892D5CE4C600B10D4A /* MathApp.app */,
			);
			name = Products;
			sourceTree = "<group>";
		};
		4931C99B2D5CE63000B10D4A /* Preview Content */ = {
			isa = PBXGroup;
			children = (
				4931C99C2D5CE63000B10D4A /* Assets.xcassets */,
				4931C99A2D5CE63000B10D4A /* Preview Assets.xcassets */,
			);
			path = "Preview Content";
			sourceTree = "<group>";
		};
		4931C99F2D5CE63000B10D4A /* MathApp */ = {
			isa = PBXGroup;
			children = (
				4931C99E2D5CE63000B10D4A /* MathAppApp.swift */,
				4931C9A42D5CE63500B10D4A /* Views */,
				4931C99B2D5CE63000B10D4A /* Preview Content */,
			);
			path = MathApp;
			sourceTree = "<group>";
		};
		4931C9A42D5CE63500B10D4A /* Views */ = {
			isa = PBXGroup;
			children = (
				4931C99D2D5CE63000B10D4A /* LandingView.swift */,
				4931C9A52D5CE6AD00B10D4A /* AdditionView.swift */,
				4931C9A72D5CE73900B10D4A /* SubtractionView.swift */,
				4931C9A92D5CE79400B10D4A /* MultiplicationView.swift */,
				4931C9AB2D5CE7A000B10D4A /* DivisionView.swift */,
				4931C9AD2D5CE7B200B10D4A /* SquareView.swift */,
			);
			path = Views;
			sourceTree = "<group>";
		};
/* End PBXGroup section */

/* Begin PBXNativeTarget section */
		4931C9882D5CE4C600B10D4A /* MathApp */ = {
			isa = PBXNativeTarget;
			buildConfigurationList = 4931C9972D5CE4C900B10D4A /* Build configuration list for PBXNativeTarget "MathApp" */;
			buildPhases = (
				4931C9852D5CE4C600B10D4A /* Sources */,
				4931C9862D5CE4C600B10D4A /* Frameworks */,
				4931C9872D5CE4C600B10D4A /* Resources */,
			);
			buildRules = (
			);
			dependencies = (
			);
			name = MathApp;
			packageProductDependencies = (
			);
			productName = MathApp;
			productReference = 4931C9892D5CE4C600B10D4A /* MathApp.app */;
			productType = "com.apple.product-type.application";
		};
/* End PBXNativeTarget section */

/* Begin PBXProject section */
		4931C9812D5CE4C600B10D4A /* Project object */ = {
			isa = PBXProject;
			attributes = {
				BuildIndependentTargetsInParallel = 1;
				LastSwiftUpdateCheck = 1600;
				LastUpgradeCheck = 1600;
				TargetAttributes = {
					4931C9882D5CE4C600B10D4A = {
						CreatedOnToolsVersion = 16.0;
					};
				};
			};
			buildConfigurationList = 4931C9842D5CE4C600B10D4A /* Build configuration list for PBXProject "MathApp" */;
			developmentRegion = en;
			hasScannedForEncodings = 0;
			knownRegions = (
				en,
				Base,
			);
			mainGroup = 4931C9802D5CE4C600B10D4A;
			minimizedProjectReferenceProxies = 1;
			preferredProjectObjectVersion = 77;
			productRefGroup = 4931C98A2D5CE4C600B10D4A /* Products */;
			projectDirPath = "";
			projectRoot = "";
			targets = (
				4931C9882D5CE4C600B10D4A /* MathApp */,
			);
		};
/* End PBXProject section */

/* Begin PBXResourcesBuildPhase section */
		4931C9872D5CE4C600B10D4A /* Resources */ = {
			isa = PBXResourcesBuildPhase;
			buildActionMask = 2147483647;
			files = (
				4931C9A22D5CE63000B10D4A /* Preview Assets.xcassets in Resources */,
				4931C9A32D5CE63000B10D4A /* Assets.xcassets in Resources */,
			);
			runOnlyForDeploymentPostprocessing = 0;
		};
/* End PBXResourcesBuildPhase section */

/* Begin PBXSourcesBuildPhase section */
		4931C9852D5CE4C600B10D4A /* Sources */ = {
			isa = PBXSourcesBuildPhase;
			buildActionMask = 2147483647;
			files = (
				4931C9A02D5CE63000B10D4A /* LandingView.swift in Sources */,
				4931C9AC2D5CE7A000B10D4A /* DivisionView.swift in Sources */,
				4931C9AA2D5CE79400B10D4A /* MultiplicationView.swift in Sources */,
				4931C9A82D5CE73900B10D4A /* SubtractionView.swift in Sources */,
				4931C9AE2D5CE7B200B10D4A /* SquareView.swift in Sources */,
				4931C9A12D5CE63000B10D4A /* MathAppApp.swift in Sources */,
				4931C9A62D5CE6AD00B10D4A /* AdditionView.swift in Sources */,
			);
			runOnlyForDeploymentPostprocessing = 0;
		};
/* End PBXSourcesBuildPhase section */

/* Begin XCBuildConfiguration section */
		4931C9952D5CE4C900B10D4A /* Debug */ = {
			isa = XCBuildConfiguration;
			buildSettings = {
				ALWAYS_SEARCH_USER_PATHS = NO;
				ASSETCATALOG_COMPILER_GENERATE_SWIFT_ASSET_SYMBOL_EXTENSIONS = YES;
				CLANG_ANALYZER_NONNULL = YES;
				CLANG_ANALYZER_NUMBER_OBJECT_CONVERSION = YES_AGGRESSIVE;
				CLANG_CXX_LANGUAGE_STANDARD = "gnu++20";
				CLANG_ENABLE_MODULES = YES;
				CLANG_ENABLE_OBJC_ARC = YES;
				CLANG_ENABLE_OBJC_WEAK = YES;
				CLANG_WARN_BLOCK_CAPTURE_AUTORELEASING = YES;
				CLANG_WARN_BOOL_CONVERSION = YES;
				CLANG_WARN_COMMA = YES;
				CLANG_WARN_CONSTANT_CONVERSION = YES;
				CLANG_WARN_DEPRECATED_OBJC_IMPLEMENTATIONS = YES;
				CLANG_WARN_DIRECT_OBJC_ISA_USAGE = YES_ERROR;
				CLANG_WARN_DOCUMENTATION_COMMENTS = YES;
				CLANG_WARN_EMPTY_BODY = YES;
				CLANG_WARN_ENUM_CONVERSION = YES;
				CLANG_WARN_INFINITE_RECURSION = YES;
				CLANG_WARN_INT_CONVERSION = YES;
				CLANG_WARN_NON_LITERAL_NULL_CONVERSION = YES;
				CLANG_WARN_OBJC_IMPLICIT_RETAIN_SELF = YES;
				CLANG_WARN_OBJC_LITERAL_CONVERSION = YES;
				CLANG_WARN_OBJC_ROOT_CLASS = YES_ERROR;
				CLANG_WARN_QUOTED_INCLUDE_IN_FRAMEWORK_HEADER = YES;
				CLANG_WARN_RANGE_LOOP_ANALYSIS = YES;
				CLANG_WARN_STRICT_PROTOTYPES = YES;
				CLANG_WARN_SUSPICIOUS_MOVE = YES;
				CLANG_WARN_UNGUARDED_AVAILABILITY = YES_AGGRESSIVE;
				CLANG_WARN_UNREACHABLE_CODE = YES;
				CLANG_WARN__DUPLICATE_METHOD_MATCH = YES;
				COPY_PHASE_STRIP = NO;
				DEBUG_INFORMATION_FORMAT = dwarf;
				ENABLE_STRICT_OBJC_MSGSEND = YES;
				ENABLE_TESTABILITY = YES;
				ENABLE_USER_SCRIPT_SANDBOXING = YES;
				GCC_C_LANGUAGE_STANDARD = gnu17;
				GCC_DYNAMIC_NO_PIC = NO;
				GCC_NO_COMMON_BLOCKS = YES;
				GCC_OPTIMIZATION_LEVEL = 0;
				GCC_PREPROCESSOR_DEFINITIONS = (
					"DEBUG=1",
					"$(inherited)",
				);
				GCC_WARN_64_TO_32_BIT_CONVERSION = YES;
				GCC_WARN_ABOUT_RETURN_TYPE = YES_ERROR;
				GCC_WARN_UNDECLARED_SELECTOR = YES;
				GCC_WARN_UNINITIALIZED_AUTOS = YES_AGGRESSIVE;
				GCC_WARN_UNUSED_FUNCTION = YES;
				GCC_WARN_UNUSED_VARIABLE = YES;
				IPHONEOS_DEPLOYMENT_TARGET = 18.0;
				LOCALIZATION_PREFERS_STRING_CATALOGS = YES;
				MTL_ENABLE_DEBUG_INFO = INCLUDE_SOURCE;
				MTL_FAST_MATH = YES;
				ONLY_ACTIVE_ARCH = YES;
				SDKROOT = iphoneos;
				SWIFT_ACTIVE_COMPILATION_CONDITIONS = "DEBUG $(inherited)";
				SWIFT_OPTIMIZATION_LEVEL = "-Onone";
			};
			name = Debug;
		};
		4931C9962D5CE4C900B10D4A /* Release */ = {
			isa = XCBuildConfiguration;
			buildSettings = {
				ALWAYS_SEARCH_USER_PATHS = NO;
				ASSETCATALOG_COMPILER_GENERATE_SWIFT_ASSET_SYMBOL_EXTENSIONS = YES;
				CLANG_ANALYZER_NONNULL = YES;
				CLANG_ANALYZER_NUMBER_OBJECT_CONVERSION = YES_AGGRESSIVE;
				CLANG_CXX_LANGUAGE_STANDARD = "gnu++20";
				CLANG_ENABLE_MODULES = YES;
				CLANG_ENABLE_OBJC_ARC = YES;
				CLANG_ENABLE_OBJC_WEAK = YES;
				CLANG_WARN_BLOCK_CAPTURE_AUTORELEASING = YES;
				CLANG_WARN_BOOL_CONVERSION = YES;
				CLANG_WARN_COMMA = YES;
				CLANG_WARN_CONSTANT_CONVERSION = YES;
				CLANG_WARN_DEPRECATED_OBJC_IMPLEMENTATIONS = YES;
				CLANG_WARN_DIRECT_OBJC_ISA_USAGE = YES_ERROR;
				CLANG_WARN_DOCUMENTATION_COMMENTS = YES;
				CLANG_WARN_EMPTY_BODY = YES;
				CLANG_WARN_ENUM_CONVERSION = YES;
				CLANG_WARN_INFINITE_RECURSION = YES;
				CLANG_WARN_INT_CONVERSION = YES;
				CLANG_WARN_NON_LITERAL_NULL_CONVERSION = YES;
				CLANG_WARN_OBJC_IMPLICIT_RETAIN_SELF = YES;
				CLANG_WARN_OBJC_LITERAL_CONVERSION = YES;
				CLANG_WARN_OBJC_ROOT_CLASS = YES_ERROR;
				CLANG_WARN_QUOTED_INCLUDE_IN_FRAMEWORK_HEADER = YES;
				CLANG_WARN_RANGE_LOOP_ANALYSIS = YES;
				CLANG_WARN_STRICT_PROTOTYPES = YES;
				CLANG_WARN_SUSPICIOUS_MOVE = YES;
				CLANG_WARN_UNGUARDED_AVAILABILITY = YES_AGGRESSIVE;
				CLANG_WARN_UNREACHABLE_CODE = YES;
				CLANG_WARN__DUPLICATE_METHOD_MATCH = YES;
				COPY_PHASE_STRIP = NO;
				DEBUG_INFORMATION_FORMAT = "dwarf-with-dsym";
				ENABLE_NS_ASSERTIONS = NO;
				ENABLE_STRICT_OBJC_MSGSEND = YES;
				ENABLE_USER_SCRIPT_SANDBOXING = YES;
				GCC_C_LANGUAGE_STANDARD = gnu17;
				GCC_NO_COMMON_BLOCKS = YES;
				GCC_WARN_64_TO_32_BIT_CONVERSION = YES;
				GCC_WARN_ABOUT_RETURN_TYPE = YES_ERROR;
				GCC_WARN_UNDECLARED_SELECTOR = YES;
				GCC_WARN_UNINITIALIZED_AUTOS = YES_AGGRESSIVE;
				GCC_WARN_UNUSED_FUNCTION = YES;
				GCC_WARN_UNUSED_VARIABLE = YES;
				IPHONEOS_DEPLOYMENT_TARGET = 18.0;
				LOCALIZATION_PREFERS_STRING_CATALOGS = YES;
				MTL_ENABLE_DEBUG_INFO = NO;
				MTL_FAST_MATH = YES;
				SDKROOT = iphoneos;
				SWIFT_COMPILATION_MODE = wholemodule;
				VALIDATE_PRODUCT = YES;
			};
			name = Release;
		};
		4931C9982D5CE4C900B10D4A /* Debug */ = {
			isa = XCBuildConfiguration;
			buildSettings = {
				ASSETCATALOG_COMPILER_APPICON_NAME = AppIcon;
				ASSETCATALOG_COMPILER_GLOBAL_ACCENT_COLOR_NAME = AccentColor;
				CODE_SIGN_STYLE = Automatic;
				CURRENT_PROJECT_VERSION = 1;
				DEVELOPMENT_ASSET_PATHS = "\"MathApp/Preview Content\"";
				DEVELOPMENT_TEAM = QUV23ZTXSX;
				ENABLE_PREVIEWS = YES;
				GENERATE_INFOPLIST_FILE = YES;
				INFOPLIST_KEY_UIApplicationSceneManifest_Generation = YES;
				INFOPLIST_KEY_UIApplicationSupportsIndirectInputEvents = YES;
				INFOPLIST_KEY_UILaunchScreen_Generation = YES;
				INFOPLIST_KEY_UISupportedInterfaceOrientations_iPad = "UIInterfaceOrientationPortrait UIInterfaceOrientationPortraitUpsideDown UIInterfaceOrientationLandscapeLeft UIInterfaceOrientationLandscapeRight";
				INFOPLIST_KEY_UISupportedInterfaceOrientations_iPhone = "UIInterfaceOrientationPortrait UIInterfaceOrientationLandscapeLeft UIInterfaceOrientationLandscapeRight";
				LD_RUNPATH_SEARCH_PATHS = (
					"$(inherited)",
					"@executable_path/Frameworks",
				);
				MARKETING_VERSION = 1.0;
				PRODUCT_BUNDLE_IDENTIFIER = ca.sangberg.MathApp;
				PRODUCT_NAME = "$(TARGET_NAME)";
				SWIFT_EMIT_LOC_STRINGS = YES;
				SWIFT_VERSION = 5.0;
				TARGETED_DEVICE_FAMILY = "1,2";
			};
			name = Debug;
		};
		4931C9992D5CE4C900B10D4A /* Release */ = {
			isa = XCBuildConfiguration;
			buildSettings = {
				ASSETCATALOG_COMPILER_APPICON_NAME = AppIcon;
				ASSETCATALOG_COMPILER_GLOBAL_ACCENT_COLOR_NAME = AccentColor;
				CODE_SIGN_STYLE = Automatic;
				CURRENT_PROJECT_VERSION = 1;
				DEVELOPMENT_ASSET_PATHS = "\"MathApp/Preview Content\"";
				DEVELOPMENT_TEAM = QUV23ZTXSX;
				ENABLE_PREVIEWS = YES;
				GENERATE_INFOPLIST_FILE = YES;
				INFOPLIST_KEY_UIApplicationSceneManifest_Generation = YES;
				INFOPLIST_KEY_UIApplicationSupportsIndirectInputEvents = YES;
				INFOPLIST_KEY_UILaunchScreen_Generation = YES;
				INFOPLIST_KEY_UISupportedInterfaceOrientations_iPad = "UIInterfaceOrientationPortrait UIInterfaceOrientationPortraitUpsideDown UIInterfaceOrientationLandscapeLeft UIInterfaceOrientationLandscapeRight";
				INFOPLIST_KEY_UISupportedInterfaceOrientations_iPhone = "UIInterfaceOrientationPortrait UIInterfaceOrientationLandscapeLeft UIInterfaceOrientationLandscapeRight";
				LD_RUNPATH_SEARCH_PATHS = (
					"$(inherited)",
					"@executable_path/Frameworks",
				);
				MARKETING_VERSION = 1.0;
				PRODUCT_BUNDLE_IDENTIFIER = ca.sangberg.MathApp;
				PRODUCT_NAME = "$(TARGET_NAME)";
				SWIFT_EMIT_LOC_STRINGS = YES;
				SWIFT_VERSION = 5.0;
				TARGETED_DEVICE_FAMILY = "1,2";
			};
			name = Release;
		};
/* End XCBuildConfiguration section */

/* Begin XCConfigurationList section */
		4931C9842D5CE4C600B10D4A /* Build configuration list for PBXProject "MathApp" */ = {
			isa = XCConfigurationList;
			buildConfigurations = (
				4931C9952D5CE4C900B10D4A /* Debug */,
				4931C9962D5CE4C900B10D4A /* Release */,
			);
			defaultConfigurationIsVisible = 0;
			defaultConfigurationName = Release;
		};
		4931C9972D5CE4C900B10D4A /* Build configuration list for PBXNativeTarget "MathApp" */ = {
			isa = XCConfigurationList;
			buildConfigurations = (
				4931C9982D5CE4C900B10D4A /* Debug */,
				4931C9992D5CE4C900B10D4A /* Release */,
			);
			defaultConfigurationIsVisible = 0;
			defaultConfigurationName = Release;
		};
/* End XCConfigurationList section */
	};
	rootObject = 4931C9812D5CE4C600B10D4A /* Project object */;
}
